// !$*UTF8*$!
{
	archiveVersion = 1;
	classes = {
	};
	objectVersion = 46;
	objects = {

/* Begin PBXGroup section */
		FA8863E31C90FB5C008FF5F4 = {
			isa = PBXGroup;
			children = (
			);
			sourceTree = "<group>";
		};
/* End PBXGroup section */

/* Begin PBXProject section */
		FA8863E41C90FB5C008FF5F4 /* Project object */ = {
			isa = PBXProject;
			attributes = {
				LastUpgradeCheck = 0730;
			};
			buildConfigurationList = FA8863E71C90FB5C008FF5F4 /* Build configuration list for PBXProject "RCTVimeo" */;
			compatibilityVersion = "Xcode 3.2";
			developmentRegion = English;
			hasScannedForEncodings = 0;
			knownRegions = (
				en,
			);
			mainGroup = FA8863E31C90FB5C008FF5F4;
			projectDirPath = "";
			projectRoot = "";
			targets = (
			);
		};
/* End PBXProject section */

/* Begin XCBuildConfiguration section */
		FA8863E81C90FB5C008FF5F4 /* Debug */ = {
			isa = XCBuildConfiguration;
			buildSettings = {
			};
			name = Debug;
		};
		FA8863E91C90FB5C008FF5F4 /* Release */ = {
			isa = XCBuildConfiguration;
			buildSettings = {
			};
			name = Release;
		};
/* End XCBuildConfiguration section */

/* Begin XCConfigurationList section */
		FA8863E71C90FB5C008FF5F4 /* Build configuration list for PBXProject "RCTVimeo" */ = {
			isa = XCConfigurationList;
			buildConfigurations = (
				FA8863E81C90FB5C008FF5F4 /* Debug */,
				FA8863E91C90FB5C008FF5F4 /* Release */,
			);
			defaultConfigurationIsVisible = 0;
			defaultConfigurationName = Release;
		};
/* End XCConfigurationList section */
	};
	rootObject = FA8863E41C90FB5C008FF5F4 /* Project object */;
}
